
Microsoft Visual Studio Solution File, Format Version 12.00
# Visual Studio Version 17
VisualStudioVersion = 17.4.33122.133
MinimumVisualStudioVersion = 10.0.40219.1
Project("{9A19103F-16F7-4668-BE54-9A1E7A4F7556}") = "Cseveges", "Cseveges\Cseveges.csproj", "{DE2C5341-CD81-4B0B-A962-EE8BDB4C75BD}"
EndProject
Project("{FAE04EC0-301F-11D3-BF4B-00C04F79EFBC}") = "CsevegesGUI", "CsevegesGUI\CsevegesGUI.csproj", "{6D6D90DE-4989-4ABB-811C-D9AFA5378DEA}"
EndProject
Global
	GlobalSection(SolutionConfigurationPlatforms) = preSolution
		Debug|Any CPU = Debug|Any CPU
		Release|Any CPU = Release|Any CPU
	EndGlobalSection
	GlobalSection(ProjectConfigurationPlatforms) = postSolution
		{DE2C5341-CD81-4B0B-A962-EE8BDB4C75BD}.Debug|Any CPU.ActiveCfg = Debug|Any CPU
		{DE2C5341-CD81-4B0B-A962-EE8BDB4C75BD}.Debug|Any CPU.Build.0 = Debug|Any CPU
		{DE2C5341-CD81-4B0B-A962-EE8BDB4C75BD}.Release|Any CPU.ActiveCfg = Release|Any CPU
		{DE2C5341-CD81-4B0B-A962-EE8BDB4C75BD}.Release|Any CPU.Build.0 = Release|Any CPU
		{6D6D90DE-4989-4ABB-811C-D9AFA5378DEA}.Debug|Any CPU.ActiveCfg = Debug|Any CPU
		{6D6D90DE-4989-4ABB-811C-D9AFA5378DEA}.Debug|Any CPU.Build.0 = Debug|Any CPU
		{6D6D90DE-4989-4ABB-811C-D9AFA5378DEA}.Release|Any CPU.ActiveCfg = Release|Any CPU
		{6D6D90DE-4989-4ABB-811C-D9AFA5378DEA}.Release|Any CPU.Build.0 = Release|Any CPU
	EndGlobalSection
	GlobalSection(SolutionProperties) = preSolution
		HideSolutionNode = FALSE
	EndGlobalSection
	GlobalSection(ExtensibilityGlobals) = postSolution
		SolutionGuid = {CA509A9A-57C8-4055-A180-A9C82F76B177}
	EndGlobalSection
EndGlobal
